// !$*UTF8*$!
{
	archiveVersion = 1;
	classes = {
	};
	objectVersion = 50;
	objects = {

/* Begin PBXBuildFile section */
		6AA6DE2721DFB66D0025FBCF /* AppDelegate.swift in Sources */ = {isa = PBXBuildFile; fileRef = 6AA6DE2621DFB66D0025FBCF /* AppDelegate.swift */; };
		6AA6DE2921DFB66D0025FBCF /* ViewController.swift in Sources */ = {isa = PBXBuildFile; fileRef = 6AA6DE2821DFB66D0025FBCF /* ViewController.swift */; };
		6AA6DE2C21DFB66D0025FBCF /* Main.storyboard in Resources */ = {isa = PBXBuildFile; fileRef = 6AA6DE2A21DFB66D0025FBCF /* Main.storyboard */; };
		6AA6DE2E21DFB6780025FBCF /* Assets.xcassets in Resources */ = {isa = PBXBuildFile; fileRef = 6AA6DE2D21DFB6780025FBCF /* Assets.xcassets */; };
		6AA6DE3121DFB6780025FBCF /* LaunchScreen.storyboard in Resources */ = {isa = PBXBuildFile; fileRef = 6AA6DE2F21DFB6780025FBCF /* LaunchScreen.storyboard */; };
		6AA6DE4421DFC3630025FBCF /* AbstractionViewController.swift in Sources */ = {isa = PBXBuildFile; fileRef = 6AA6DE4321DFC3630025FBCF /* AbstractionViewController.swift */; };
		6AA6DE4621DFC3C60025FBCF /* AlgorithmViewController.swift in Sources */ = {isa = PBXBuildFile; fileRef = 6AA6DE4521DFC3C60025FBCF /* AlgorithmViewController.swift */; };
		6AA6DE4821DFC4820025FBCF /* DataViewController.swift in Sources */ = {isa = PBXBuildFile; fileRef = 6AA6DE4721DFC4820025FBCF /* DataViewController.swift */; };
		6AA6DE4A21DFC57C0025FBCF /* ArtCollectionViewController.swift in Sources */ = {isa = PBXBuildFile; fileRef = 6AA6DE4921DFC57C0025FBCF /* ArtCollectionViewController.swift */; };
		6ABFBF1521E7A539000DB007 /* ImpactViewController.swift in Sources */ = {isa = PBXBuildFile; fileRef = 6ABFBF1421E7A539000DB007 /* ImpactViewController.swift */; };
/* End PBXBuildFile section */

/* Begin PBXFileReference section */
		6AA6DE2321DFB66D0025FBCF /* MegaCSP.app */ = {isa = PBXFileReference; explicitFileType = wrapper.application; includeInIndex = 0; path = MegaCSP.app; sourceTree = BUILT_PRODUCTS_DIR; };
		6AA6DE2621DFB66D0025FBCF /* AppDelegate.swift */ = {isa = PBXFileReference; lastKnownFileType = sourcecode.swift; path = AppDelegate.swift; sourceTree = "<group>"; };
		6AA6DE2821DFB66D0025FBCF /* ViewController.swift */ = {isa = PBXFileReference; lastKnownFileType = sourcecode.swift; path = ViewController.swift; sourceTree = "<group>"; };
		6AA6DE2B21DFB66D0025FBCF /* Base */ = {isa = PBXFileReference; lastKnownFileType = file.storyboard; name = Base; path = Base.lproj/Main.storyboard; sourceTree = "<group>"; };
		6AA6DE2D21DFB6780025FBCF /* Assets.xcassets */ = {isa = PBXFileReference; lastKnownFileType = folder.assetcatalog; path = Assets.xcassets; sourceTree = "<group>"; };
		6AA6DE3021DFB6780025FBCF /* Base */ = {isa = PBXFileReference; lastKnownFileType = file.storyboard; name = Base; path = Base.lproj/LaunchScreen.storyboard; sourceTree = "<group>"; };
		6AA6DE3221DFB6780025FBCF /* Info.plist */ = {isa = PBXFileReference; lastKnownFileType = text.plist.xml; path = Info.plist; sourceTree = "<group>"; };
		6AA6DE4321DFC3630025FBCF /* AbstractionViewController.swift */ = {isa = PBXFileReference; fileEncoding = 4; lastKnownFileType = sourcecode.swift; name = AbstractionViewController.swift; path = "../../../../AbstractionApp/AbstractionApp/New Group/AbstractionViewController.swift"; sourceTree = "<group>"; };
		6AA6DE4521DFC3C60025FBCF /* AlgorithmViewController.swift */ = {isa = PBXFileReference; fileEncoding = 4; lastKnownFileType = sourcecode.swift; name = AlgorithmViewController.swift; path = "../../../../../Ctec/David Algorithm/David Algorithm/Controller/AlgorithmViewController.swift"; sourceTree = "<group>"; };
		6AA6DE4721DFC4820025FBCF /* DataViewController.swift */ = {isa = PBXFileReference; fileEncoding = 4; lastKnownFileType = sourcecode.swift; name = DataViewController.swift; path = ../../../../ReadingDataProject/ReadingDataProject/DataViewController.swift; sourceTree = "<group>"; };
		6AA6DE4921DFC57C0025FBCF /* ArtCollectionViewController.swift */ = {isa = PBXFileReference; fileEncoding = 4; lastKnownFileType = sourcecode.swift; name = ArtCollectionViewController.swift; path = ../../../../DrawingProject/DrawingProject/Controller/ArtCollectionViewController.swift; sourceTree = "<group>"; };
		6ABFBF1421E7A539000DB007 /* ImpactViewController.swift */ = {isa = PBXFileReference; fileEncoding = 4; lastKnownFileType = sourcecode.swift; name = ImpactViewController.swift; path = ../../../../GlobalImpactApp/GlobalImpactApp/Controller/ImpactViewController.swift; sourceTree = "<group>"; };
/* End PBXFileReference section */

/* Begin PBXFrameworksBuildPhase section */
		6AA6DE2021DFB66D0025FBCF /* Frameworks */ = {
			isa = PBXFrameworksBuildPhase;
			buildActionMask = 2147483647;
			files = (
			);
			runOnlyForDeploymentPostprocessing = 0;
		};
/* End PBXFrameworksBuildPhase section */

/* Begin PBXGroup section */
		6AA6DE1A21DFB66D0025FBCF = {
			isa = PBXGroup;
			children = (
				6AA6DE2521DFB66D0025FBCF /* MegaCSP */,
				6AA6DE2421DFB66D0025FBCF /* Products */,
			);
			sourceTree = "<group>";
		};
		6AA6DE2421DFB66D0025FBCF /* Products */ = {
			isa = PBXGroup;
			children = (
				6AA6DE2321DFB66D0025FBCF /* MegaCSP.app */,
			);
			name = Products;
			sourceTree = "<group>";
		};
		6AA6DE2521DFB66D0025FBCF /* MegaCSP */ = {
			isa = PBXGroup;
			children = (
				6AA6DE3B21DFB90E0025FBCF /* Model */,
				6AA6DE3A21DFB9020025FBCF /* Resources */,
				6AA6DE3921DFB8E40025FBCF /* Controller */,
				6AA6DE3821DFB8950025FBCF /* View */,
			);
			path = MegaCSP;
			sourceTree = "<group>";
		};
		6AA6DE3821DFB8950025FBCF /* View */ = {
			isa = PBXGroup;
			children = (
				6AA6DE2A21DFB66D0025FBCF /* Main.storyboard */,
				6AA6DE2F21DFB6780025FBCF /* LaunchScreen.storyboard */,
			);
			path = View;
			sourceTree = "<group>";
		};
		6AA6DE3921DFB8E40025FBCF /* Controller */ = {
			isa = PBXGroup;
			children = (
				6AC8E7812209DD6500EE1E5C /* New Group */,
				6ABFBF1321E7A4FF000DB007 /* Global Impact */,
				6AA6DE4221DFC3380025FBCF /* Creativity */,
				6AA6DE4121DFC32D0025FBCF /* Data */,
				6AA6DE4021DFC31F0025FBCF /* Algorithm */,
				6AA6DE3F21DFC3030025FBCF /* Abstraction */,
				6AA6DE2821DFB66D0025FBCF /* ViewController.swift */,
			);
			path = Controller;
			sourceTree = "<group>";
		};
		6AA6DE3A21DFB9020025FBCF /* Resources */ = {
			isa = PBXGroup;
			children = (
				6AA6DE2621DFB66D0025FBCF /* AppDelegate.swift */,
				6AA6DE2D21DFB6780025FBCF /* Assets.xcassets */,
				6AA6DE3221DFB6780025FBCF /* Info.plist */,
			);
			path = Resources;
			sourceTree = "<group>";
		};
		6AA6DE3B21DFB90E0025FBCF /* Model */ = {
			isa = PBXGroup;
			children = (
			);
			path = Model;
			sourceTree = "<group>";
		};
		6AA6DE3F21DFC3030025FBCF /* Abstraction */ = {
			isa = PBXGroup;
			children = (
				6AA6DE4321DFC3630025FBCF /* AbstractionViewController.swift */,
			);
			path = Abstraction;
			sourceTree = "<group>";
		};
		6AA6DE4021DFC31F0025FBCF /* Algorithm */ = {
			isa = PBXGroup;
			children = (
				6AA6DE4521DFC3C60025FBCF /* AlgorithmViewController.swift */,
			);
			path = Algorithm;
			sourceTree = "<group>";
		};
		6AA6DE4121DFC32D0025FBCF /* Data */ = {
			isa = PBXGroup;
			children = (
				6AA6DE4721DFC4820025FBCF /* DataViewController.swift */,
			);
			path = Data;
			sourceTree = "<group>";
		};
		6AA6DE4221DFC3380025FBCF /* Creativity */ = {
			isa = PBXGroup;
			children = (
				6AA6DE4921DFC57C0025FBCF /* ArtCollectionViewController.swift */,
			);
			path = Creativity;
			sourceTree = "<group>";
		};
		6ABFBF1321E7A4FF000DB007 /* Global Impact */ = {
			isa = PBXGroup;
			children = (
				6ABFBF1421E7A539000DB007 /* ImpactViewController.swift */,
			);
			path = "Global Impact";
			sourceTree = "<group>";
		};
		6AC8E7812209DD6500EE1E5C /* New Group */ = {
			isa = PBXGroup;
			children = (
			);
			path = "New Group";
			sourceTree = "<group>";
		};
/* End PBXGroup section */

/* Begin PBXNativeTarget section */
		6AA6DE2221DFB66D0025FBCF /* MegaCSP */ = {
			isa = PBXNativeTarget;
			buildConfigurationList = 6AA6DE3521DFB6780025FBCF /* Build configuration list for PBXNativeTarget "MegaCSP" */;
			buildPhases = (
				6AA6DE1F21DFB66D0025FBCF /* Sources */,
				6AA6DE2021DFB66D0025FBCF /* Frameworks */,
				6AA6DE2121DFB66D0025FBCF /* Resources */,
			);
			buildRules = (
			);
			dependencies = (
			);
			name = MegaCSP;
			productName = MegaCSP;
			productReference = 6AA6DE2321DFB66D0025FBCF /* MegaCSP.app */;
			productType = "com.apple.product-type.application";
		};
/* End PBXNativeTarget section */

/* Begin PBXProject section */
		6AA6DE1B21DFB66D0025FBCF /* Project object */ = {
			isa = PBXProject;
			attributes = {
				LastSwiftUpdateCheck = 1000;
				LastUpgradeCheck = 1000;
				ORGANIZATIONNAME = CTEC;
				TargetAttributes = {
					6AA6DE2221DFB66D0025FBCF = {
						CreatedOnToolsVersion = 10.0;
					};
				};
			};
			buildConfigurationList = 6AA6DE1E21DFB66D0025FBCF /* Build configuration list for PBXProject "MegaCSP" */;
			compatibilityVersion = "Xcode 9.3";
			developmentRegion = en;
			hasScannedForEncodings = 0;
			knownRegions = (
				en,
				Base,
			);
			mainGroup = 6AA6DE1A21DFB66D0025FBCF;
			productRefGroup = 6AA6DE2421DFB66D0025FBCF /* Products */;
			projectDirPath = "";
			projectRoot = "";
			targets = (
				6AA6DE2221DFB66D0025FBCF /* MegaCSP */,
			);
		};
/* End PBXProject section */

/* Begin PBXResourcesBuildPhase section */
		6AA6DE2121DFB66D0025FBCF /* Resources */ = {
			isa = PBXResourcesBuildPhase;
			buildActionMask = 2147483647;
			files = (
				6AA6DE3121DFB6780025FBCF /* LaunchScreen.storyboard in Resources */,
				6AA6DE2E21DFB6780025FBCF /* Assets.xcassets in Resources */,
				6AA6DE2C21DFB66D0025FBCF /* Main.storyboard in Resources */,
			);
			runOnlyForDeploymentPostprocessing = 0;
		};
/* End PBXResourcesBuildPhase section */

/* Begin PBXSourcesBuildPhase section */
		6AA6DE1F21DFB66D0025FBCF /* Sources */ = {
			isa = PBXSourcesBuildPhase;
			buildActionMask = 2147483647;
			files = (
				6AA6DE4A21DFC57C0025FBCF /* ArtCollectionViewController.swift in Sources */,
				6AA6DE4821DFC4820025FBCF /* DataViewController.swift in Sources */,
				6AA6DE4421DFC3630025FBCF /* AbstractionViewController.swift in Sources */,
				6AA6DE2921DFB66D0025FBCF /* ViewController.swift in Sources */,
				6ABFBF1521E7A539000DB007 /* ImpactViewController.swift in Sources */,
				6AA6DE4621DFC3C60025FBCF /* AlgorithmViewController.swift in Sources */,
				6AA6DE2721DFB66D0025FBCF /* AppDelegate.swift in Sources */,
			);
			runOnlyForDeploymentPostprocessing = 0;
		};
/* End PBXSourcesBuildPhase section */

/* Begin PBXVariantGroup section */
		6AA6DE2A21DFB66D0025FBCF /* Main.storyboard */ = {
			isa = PBXVariantGroup;
			children = (
				6AA6DE2B21DFB66D0025FBCF /* Base */,
			);
			name = Main.storyboard;
			sourceTree = "<group>";
		};
		6AA6DE2F21DFB6780025FBCF /* LaunchScreen.storyboard */ = {
			isa = PBXVariantGroup;
			children = (
				6AA6DE3021DFB6780025FBCF /* Base */,
			);
			name = LaunchScreen.storyboard;
			sourceTree = "<group>";
		};
/* End PBXVariantGroup section */

/* Begin XCBuildConfiguration section */
		6AA6DE3321DFB6780025FBCF /* Debug */ = {
			isa = XCBuildConfiguration;
			buildSettings = {
				ALWAYS_SEARCH_USER_PATHS = NO;
				CLANG_ANALYZER_NONNULL = YES;
				CLANG_ANALYZER_NUMBER_OBJECT_CONVERSION = YES_AGGRESSIVE;
				CLANG_CXX_LANGUAGE_STANDARD = "gnu++14";
				CLANG_CXX_LIBRARY = "libc++";
				CLANG_ENABLE_MODULES = YES;
				CLANG_ENABLE_OBJC_ARC = YES;
				CLANG_ENABLE_OBJC_WEAK = YES;
				CLANG_WARN_BLOCK_CAPTURE_AUTORELEASING = YES;
				CLANG_WARN_BOOL_CONVERSION = YES;
				CLANG_WARN_COMMA = YES;
				CLANG_WARN_CONSTANT_CONVERSION = YES;
				CLANG_WARN_DEPRECATED_OBJC_IMPLEMENTATIONS = YES;
				CLANG_WARN_DIRECT_OBJC_ISA_USAGE = YES_ERROR;
				CLANG_WARN_DOCUMENTATION_COMMENTS = YES;
				CLANG_WARN_EMPTY_BODY = YES;
				CLANG_WARN_ENUM_CONVERSION = YES;
				CLANG_WARN_INFINITE_RECURSION = YES;
				CLANG_WARN_INT_CONVERSION = YES;
				CLANG_WARN_NON_LITERAL_NULL_CONVERSION = YES;
				CLANG_WARN_OBJC_IMPLICIT_RETAIN_SELF = YES;
				CLANG_WARN_OBJC_LITERAL_CONVERSION = YES;
				CLANG_WARN_OBJC_ROOT_CLASS = YES_ERROR;
				CLANG_WARN_RANGE_LOOP_ANALYSIS = YES;
				CLANG_WARN_STRICT_PROTOTYPES = YES;
				CLANG_WARN_SUSPICIOUS_MOVE = YES;
				CLANG_WARN_UNGUARDED_AVAILABILITY = YES_AGGRESSIVE;
				CLANG_WARN_UNREACHABLE_CODE = YES;
				CLANG_WARN__DUPLICATE_METHOD_MATCH = YES;
				CODE_SIGN_IDENTITY = "iPhone Developer";
				COPY_PHASE_STRIP = NO;
				DEBUG_INFORMATION_FORMAT = dwarf;
				ENABLE_STRICT_OBJC_MSGSEND = YES;
				ENABLE_TESTABILITY = YES;
				GCC_C_LANGUAGE_STANDARD = gnu11;
				GCC_DYNAMIC_NO_PIC = NO;
				GCC_NO_COMMON_BLOCKS = YES;
				GCC_OPTIMIZATION_LEVEL = 0;
				GCC_PREPROCESSOR_DEFINITIONS = (
					"DEBUG=1",
					"$(inherited)",
				);
				GCC_WARN_64_TO_32_BIT_CONVERSION = YES;
				GCC_WARN_ABOUT_RETURN_TYPE = YES_ERROR;
				GCC_WARN_UNDECLARED_SELECTOR = YES;
				GCC_WARN_UNINITIALIZED_AUTOS = YES_AGGRESSIVE;
				GCC_WARN_UNUSED_FUNCTION = YES;
				GCC_WARN_UNUSED_VARIABLE = YES;
				IPHONEOS_DEPLOYMENT_TARGET = 12.0;
				MTL_ENABLE_DEBUG_INFO = INCLUDE_SOURCE;
				MTL_FAST_MATH = YES;
				ONLY_ACTIVE_ARCH = YES;
				SDKROOT = iphoneos;
				SWIFT_ACTIVE_COMPILATION_CONDITIONS = DEBUG;
				SWIFT_OPTIMIZATION_LEVEL = "-Onone";
			};
			name = Debug;
		};
		6AA6DE3421DFB6780025FBCF /* Release */ = {
			isa = XCBuildConfiguration;
			buildSettings = {
				ALWAYS_SEARCH_USER_PATHS = NO;
				CLANG_ANALYZER_NONNULL = YES;
				CLANG_ANALYZER_NUMBER_OBJECT_CONVERSION = YES_AGGRESSIVE;
				CLANG_CXX_LANGUAGE_STANDARD = "gnu++14";
				CLANG_CXX_LIBRARY = "libc++";
				CLANG_ENABLE_MODULES = YES;
				CLANG_ENABLE_OBJC_ARC = YES;
				CLANG_ENABLE_OBJC_WEAK = YES;
				CLANG_WARN_BLOCK_CAPTURE_AUTORELEASING = YES;
				CLANG_WARN_BOOL_CONVERSION = YES;
				CLANG_WARN_COMMA = YES;
				CLANG_WARN_CONSTANT_CONVERSION = YES;
				CLANG_WARN_DEPRECATED_OBJC_IMPLEMENTATIONS = YES;
				CLANG_WARN_DIRECT_OBJC_ISA_USAGE = YES_ERROR;
				CLANG_WARN_DOCUMENTATION_COMMENTS = YES;
				CLANG_WARN_EMPTY_BODY = YES;
				CLANG_WARN_ENUM_CONVERSION = YES;
				CLANG_WARN_INFINITE_RECURSION = YES;
				CLANG_WARN_INT_CONVERSION = YES;
				CLANG_WARN_NON_LITERAL_NULL_CONVERSION = YES;
				CLANG_WARN_OBJC_IMPLICIT_RETAIN_SELF = YES;
				CLANG_WARN_OBJC_LITERAL_CONVERSION = YES;
				CLANG_WARN_OBJC_ROOT_CLASS = YES_ERROR;
				CLANG_WARN_RANGE_LOOP_ANALYSIS = YES;
				CLANG_WARN_STRICT_PROTOTYPES = YES;
				CLANG_WARN_SUSPICIOUS_MOVE = YES;
				CLANG_WARN_UNGUARDED_AVAILABILITY = YES_AGGRESSIVE;
				CLANG_WARN_UNREACHABLE_CODE = YES;
				CLANG_WARN__DUPLICATE_METHOD_MATCH = YES;
				CODE_SIGN_IDENTITY = "iPhone Developer";
				COPY_PHASE_STRIP = NO;
				DEBUG_INFORMATION_FORMAT = "dwarf-with-dsym";
				ENABLE_NS_ASSERTIONS = NO;
				ENABLE_STRICT_OBJC_MSGSEND = YES;
				GCC_C_LANGUAGE_STANDARD = gnu11;
				GCC_NO_COMMON_BLOCKS = YES;
				GCC_WARN_64_TO_32_BIT_CONVERSION = YES;
				GCC_WARN_ABOUT_RETURN_TYPE = YES_ERROR;
				GCC_WARN_UNDECLARED_SELECTOR = YES;
				GCC_WARN_UNINITIALIZED_AUTOS = YES_AGGRESSIVE;
				GCC_WARN_UNUSED_FUNCTION = YES;
				GCC_WARN_UNUSED_VARIABLE = YES;
				IPHONEOS_DEPLOYMENT_TARGET = 12.0;
				MTL_ENABLE_DEBUG_INFO = NO;
				MTL_FAST_MATH = YES;
				SDKROOT = iphoneos;
				SWIFT_COMPILATION_MODE = wholemodule;
				SWIFT_OPTIMIZATION_LEVEL = "-O";
				VALIDATE_PRODUCT = YES;
			};
			name = Release;
		};
		6AA6DE3621DFB6780025FBCF /* Debug */ = {
			isa = XCBuildConfiguration;
			buildSettings = {
				ASSETCATALOG_COMPILER_APPICON_NAME = AppIcon;
				CODE_SIGN_STYLE = Automatic;
				INFOPLIST_FILE = "$(SRCROOT)/MegaCSP/Resources/Info.plist";
				LD_RUNPATH_SEARCH_PATHS = (
					"$(inherited)",
					"@executable_path/Frameworks",
				);
				PRODUCT_BUNDLE_IDENTIFIER = CTEC.MegaCSP;
				PRODUCT_NAME = "$(TARGET_NAME)";
				SWIFT_VERSION = 4.2;
				TARGETED_DEVICE_FAMILY = "1,2";
			};
			name = Debug;
		};
		6AA6DE3721DFB6780025FBCF /* Release */ = {
			isa = XCBuildConfiguration;
			buildSettings = {
				ASSETCATALOG_COMPILER_APPICON_NAME = AppIcon;
				CODE_SIGN_STYLE = Automatic;
				INFOPLIST_FILE = "$(SRCROOT)/MegaCSP/Resources/Info.plist";
				LD_RUNPATH_SEARCH_PATHS = (
					"$(inherited)",
					"@executable_path/Frameworks",
				);
				PRODUCT_BUNDLE_IDENTIFIER = CTEC.MegaCSP;
				PRODUCT_NAME = "$(TARGET_NAME)";
				SWIFT_VERSION = 4.2;
				TARGETED_DEVICE_FAMILY = "1,2";
			};
			name = Release;
		};
/* End XCBuildConfiguration section */

/* Begin XCConfigurationList section */
		6AA6DE1E21DFB66D0025FBCF /* Build configuration list for PBXProject "MegaCSP" */ = {
			isa = XCConfigurationList;
			buildConfigurations = (
				6AA6DE3321DFB6780025FBCF /* Debug */,
				6AA6DE3421DFB6780025FBCF /* Release */,
			);
			defaultConfigurationIsVisible = 0;
			defaultConfigurationName = Release;
		};
		6AA6DE3521DFB6780025FBCF /* Build configuration list for PBXNativeTarget "MegaCSP" */ = {
			isa = XCConfigurationList;
			buildConfigurations = (
				6AA6DE3621DFB6780025FBCF /* Debug */,
				6AA6DE3721DFB6780025FBCF /* Release */,
			);
			defaultConfigurationIsVisible = 0;
			defaultConfigurationName = Release;
		};
/* End XCConfigurationList section */
	};
	rootObject = 6AA6DE1B21DFB66D0025FBCF /* Project object */;
}
